
Microsoft Visual Studio Solution File, Format Version 12.00
# Visual Studio Version 17
VisualStudioVersion = 17.10.35013.160
MinimumVisualStudioVersion = 10.0.40219.1
Project("{FAE04EC0-301F-11D3-BF4B-00C04F79EFBC}") = "ConsoleInteractionWithApi", "ConsoleInteractionWithApi.csproj", "{DE5AEC19-13E3-4FDB-BB27-97D3FF5558F0}"
EndProject
Global
	GlobalSection(SolutionConfigurationPlatforms) = preSolution
		Debug|Any CPU = Debug|Any CPU
		Release|Any CPU = Release|Any CPU
	EndGlobalSection
	GlobalSection(ProjectConfigurationPlatforms) = postSolution
		{DE5AEC19-13E3-4FDB-BB27-97D3FF5558F0}.Debug|Any CPU.ActiveCfg = Debug|Any CPU
		{DE5AEC19-13E3-4FDB-BB27-97D3FF5558F0}.Debug|Any CPU.Build.0 = Debug|Any CPU
		{DE5AEC19-13E3-4FDB-BB27-97D3FF5558F0}.Release|Any CPU.ActiveCfg = Release|Any CPU
		{DE5AEC19-13E3-4FDB-BB27-97D3FF5558F0}.Release|Any CPU.Build.0 = Release|Any CPU
	EndGlobalSection
	GlobalSection(SolutionProperties) = preSolution
		HideSolutionNode = FALSE
	EndGlobalSection
	GlobalSection(ExtensibilityGlobals) = postSolution
		SolutionGuid = {E591B5B3-6C7F-40D8-A6D7-6F6D93BADBD6}
	EndGlobalSection
EndGlobal
